
Microsoft Visual Studio Solution File, Format Version 12.00
# Visual Studio 15
Project("{FAE04EC0-301F-11D3-BF4B-00C04F79EFBC}") = "AstarPathfindingProject", "AstarPathfindingProject.csproj", "{5BAC7712-6809-BF2B-208C-013F6D12D1CE}"
EndProject
Project("{FAE04EC0-301F-11D3-BF4B-00C04F79EFBC}") = "AstarPathfindingProjectEditor", "AstarPathfindingProjectEditor.csproj", "{B531F6F6-9C15-757F-B19F-4086761A9AE5}"
EndProject
Project("{FAE04EC0-301F-11D3-BF4B-00C04F79EFBC}") = "Drawing", "Drawing.csproj", "{E5B80FCB-F68E-59AC-8DD4-4872EAF50D84}"
EndProject
Project("{FAE04EC0-301F-11D3-BF4B-00C04F79EFBC}") = "Assembly-CSharp", "Assembly-CSharp.csproj", "{7AF39418-9A47-A9A0-E5B7-B7B96208580F}"
EndProject
Project("{FAE04EC0-301F-11D3-BF4B-00C04F79EFBC}") = "AstarPackageToolsEditor", "AstarPackageToolsEditor.csproj", "{4B57C969-1C13-4CD7-7DA2-FA1A70FBEC7F}"
EndProject
Project("{FAE04EC0-301F-11D3-BF4B-00C04F79EFBC}") = "andywiecko.BurstTriangulator", "andywiecko.BurstTriangulator.csproj", "{68F7A3BF-41D1-7A74-2D77-3D4E1D296FC6}"
EndProject
Project("{FAE04EC0-301F-11D3-BF4B-00C04F79EFBC}") = "PackageTools", "PackageTools.csproj", "{B6BF1B44-58D7-276D-50D1-74E75B685B3B}"
EndProject
Project("{FAE04EC0-301F-11D3-BF4B-00C04F79EFBC}") = "Assembly-CSharp-Editor", "Assembly-CSharp-Editor.csproj", "{E91B186A-D748-0119-244B-F462E445011A}"
EndProject
Project("{FAE04EC0-301F-11D3-BF4B-00C04F79EFBC}") = "DrawingEditor", "DrawingEditor.csproj", "{A4AB8954-4E35-E839-6B26-B6042E6DDAF7}"
EndProject
Project("{FAE04EC0-301F-11D3-BF4B-00C04F79EFBC}") = "DrawingPackageToolsEditor", "DrawingPackageToolsEditor.csproj", "{1B4DFD6B-665D-BC23-A8B6-6E80B0816D0E}"
EndProject
Global
	GlobalSection(SolutionConfigurationPlatforms) = preSolution
		Debug|Any CPU = Debug|Any CPU
		Release|Any CPU = Release|Any CPU
	EndGlobalSection
	GlobalSection(ProjectConfigurationPlatforms) = postSolution
		{5BAC7712-6809-BF2B-208C-013F6D12D1CE}.Debug|Any CPU.ActiveCfg = Debug|Any CPU
		{5BAC7712-6809-BF2B-208C-013F6D12D1CE}.Debug|Any CPU.Build.0 = Debug|Any CPU
		{5BAC7712-6809-BF2B-208C-013F6D12D1CE}.Release|Any CPU.ActiveCfg = Release|Any CPU
		{5BAC7712-6809-BF2B-208C-013F6D12D1CE}.Release|Any CPU.Build.0 = Release|Any CPU
		{B531F6F6-9C15-757F-B19F-4086761A9AE5}.Debug|Any CPU.ActiveCfg = Debug|Any CPU
		{B531F6F6-9C15-757F-B19F-4086761A9AE5}.Debug|Any CPU.Build.0 = Debug|Any CPU
		{B531F6F6-9C15-757F-B19F-4086761A9AE5}.Release|Any CPU.ActiveCfg = Release|Any CPU
		{B531F6F6-9C15-757F-B19F-4086761A9AE5}.Release|Any CPU.Build.0 = Release|Any CPU
		{E5B80FCB-F68E-59AC-8DD4-4872EAF50D84}.Debug|Any CPU.ActiveCfg = Debug|Any CPU
		{E5B80FCB-F68E-59AC-8DD4-4872EAF50D84}.Debug|Any CPU.Build.0 = Debug|Any CPU
		{E5B80FCB-F68E-59AC-8DD4-4872EAF50D84}.Release|Any CPU.ActiveCfg = Release|Any CPU
		{E5B80FCB-F68E-59AC-8DD4-4872EAF50D84}.Release|Any CPU.Build.0 = Release|Any CPU
		{7AF39418-9A47-A9A0-E5B7-B7B96208580F}.Debug|Any CPU.ActiveCfg = Debug|Any CPU
		{7AF39418-9A47-A9A0-E5B7-B7B96208580F}.Debug|Any CPU.Build.0 = Debug|Any CPU
		{7AF39418-9A47-A9A0-E5B7-B7B96208580F}.Release|Any CPU.ActiveCfg = Release|Any CPU
		{7AF39418-9A47-A9A0-E5B7-B7B96208580F}.Release|Any CPU.Build.0 = Release|Any CPU
		{4B57C969-1C13-4CD7-7DA2-FA1A70FBEC7F}.Debug|Any CPU.ActiveCfg = Debug|Any CPU
		{4B57C969-1C13-4CD7-7DA2-FA1A70FBEC7F}.Debug|Any CPU.Build.0 = Debug|Any CPU
		{4B57C969-1C13-4CD7-7DA2-FA1A70FBEC7F}.Release|Any CPU.ActiveCfg = Release|Any CPU
		{4B57C969-1C13-4CD7-7DA2-FA1A70FBEC7F}.Release|Any CPU.Build.0 = Release|Any CPU
		{68F7A3BF-41D1-7A74-2D77-3D4E1D296FC6}.Debug|Any CPU.ActiveCfg = Debug|Any CPU
		{68F7A3BF-41D1-7A74-2D77-3D4E1D296FC6}.Debug|Any CPU.Build.0 = Debug|Any CPU
		{68F7A3BF-41D1-7A74-2D77-3D4E1D296FC6}.Release|Any CPU.ActiveCfg = Release|Any CPU
		{68F7A3BF-41D1-7A74-2D77-3D4E1D296FC6}.Release|Any CPU.Build.0 = Release|Any CPU
		{B6BF1B44-58D7-276D-50D1-74E75B685B3B}.Debug|Any CPU.ActiveCfg = Debug|Any CPU
		{B6BF1B44-58D7-276D-50D1-74E75B685B3B}.Debug|Any CPU.Build.0 = Debug|Any CPU
		{B6BF1B44-58D7-276D-50D1-74E75B685B3B}.Release|Any CPU.ActiveCfg = Release|Any CPU
		{B6BF1B44-58D7-276D-50D1-74E75B685B3B}.Release|Any CPU.Build.0 = Release|Any CPU
		{E91B186A-D748-0119-244B-F462E445011A}.Debug|Any CPU.ActiveCfg = Debug|Any CPU
		{E91B186A-D748-0119-244B-F462E445011A}.Debug|Any CPU.Build.0 = Debug|Any CPU
		{E91B186A-D748-0119-244B-F462E445011A}.Release|Any CPU.ActiveCfg = Release|Any CPU
		{E91B186A-D748-0119-244B-F462E445011A}.Release|Any CPU.Build.0 = Release|Any CPU
		{A4AB8954-4E35-E839-6B26-B6042E6DDAF7}.Debug|Any CPU.ActiveCfg = Debug|Any CPU
		{A4AB8954-4E35-E839-6B26-B6042E6DDAF7}.Debug|Any CPU.Build.0 = Debug|Any CPU
		{A4AB8954-4E35-E839-6B26-B6042E6DDAF7}.Release|Any CPU.ActiveCfg = Release|Any CPU
		{A4AB8954-4E35-E839-6B26-B6042E6DDAF7}.Release|Any CPU.Build.0 = Release|Any CPU
		{1B4DFD6B-665D-BC23-A8B6-6E80B0816D0E}.Debug|Any CPU.ActiveCfg = Debug|Any CPU
		{1B4DFD6B-665D-BC23-A8B6-6E80B0816D0E}.Debug|Any CPU.Build.0 = Debug|Any CPU
		{1B4DFD6B-665D-BC23-A8B6-6E80B0816D0E}.Release|Any CPU.ActiveCfg = Release|Any CPU
		{1B4DFD6B-665D-BC23-A8B6-6E80B0816D0E}.Release|Any CPU.Build.0 = Release|Any CPU
	EndGlobalSection
	GlobalSection(SolutionProperties) = preSolution
		HideSolutionNode = FALSE
	EndGlobalSection
EndGlobal
